<?xml version="1.0" encoding="utf-8"?>
<Project ToolsVersion="4.0" xmlns="http://schemas.microsoft.com/developer/msbuild/2003">
  <ItemGroup>
    <Filter Include="Arquivos de Origem">
      <UniqueIdentifier>{4FC737F1-C7A5-4376-A066-2A32D752A2FF}</UniqueIdentifier>
      <Extensions>cpp;c;cc;cxx;c++;cppm;ixx;def;odl;idl;hpj;bat;asm;asmx</Extensions>
    </Filter>
    <Filter Include="Arquivos de Cabeçalho">
      <UniqueIdentifier>{93995380-89BD-4b04-88EB-625FBE52EBFB}</UniqueIdentifier>
      <Extensions>h;hh;hpp;hxx;h++;hm;inl;inc;ipp;xsd</Extensions>
    </Filter>
    <Filter Include="Arquivos de Recurso">
      <UniqueIdentifier>{67DA6AB6-F800-4c08-8B7A-83BB121AAD01}</UniqueIdentifier>
      <Extensions>rc;ico;cur;bmp;dlg;rc2;rct;bin;rgs;gif;jpg;jpeg;jpe;resx;tiff;tif;png;wav;mfcribbon-ms</Extensions>
    </Filter>
    <Filter Include="Arquivos de Origem\Battlefield">
      <UniqueIdentifier>{24957718-f4f3-48df-887c-75604041e56a}</UniqueIdentifier>
    </Filter>
    <Filter Include="Arquivos de Origem\Character">
      <UniqueIdentifier>{cf5636d5-41db-4020-96c3-37d17f3d155b}</UniqueIdentifier>
    </Filter>
    <Filter Include="Arquivos de Origem\Shared">
      <UniqueIdentifier>{470d5b85-c58f-433a-ab7d-84db2760cfbb}</UniqueIdentifier>
    </Filter>
    <Filter Include="Arquivos de Cabeçalho\Character">
      <UniqueIdentifier>{7f47c123-cadd-4ad1-b8f1-e3002463574d}</UniqueIdentifier>
    </Filter>
    <Filter Include="Arquivos de Cabeçalho\Battlefield">
      <UniqueIdentifier>{d4859054-51ef-48d0-ad8b-a52f9b6b6c9f}</UniqueIdentifier>
    </Filter>
  </ItemGroup>
  <ItemGroup>
    <ClCompile Include="AutoBattleC++.cpp">
      <Filter>Arquivos de Origem</Filter>
    </ClCompile>
    <ClCompile Include="Types.cpp">
      <Filter>Arquivos de Origem</Filter>
    </ClCompile>
    <ClCompile Include="TurnHandler.cpp">
      <Filter>Arquivos de Origem</Filter>
    </ClCompile>
    <ClCompile Include="Character.cpp">
      <Filter>Arquivos de Origem\Character</Filter>
    </ClCompile>
    <ClCompile Include="Warrior.cpp">
      <Filter>Arquivos de Origem\Character</Filter>
    </ClCompile>
    <ClCompile Include="Paladin.cpp">
      <Filter>Arquivos de Origem\Character</Filter>
    </ClCompile>
    <ClCompile Include="Cleric.cpp">
      <Filter>Arquivos de Origem\Character</Filter>
    </ClCompile>
    <ClCompile Include="Archer.cpp">
      <Filter>Arquivos de Origem\Character</Filter>
    </ClCompile>
    <ClCompile Include="Battlefield.cpp">
      <Filter>Arquivos de Origem\Battlefield</Filter>
    </ClCompile>
    <ClCompile Include="Grid.cpp">
      <Filter>Arquivos de Origem\Battlefield</Filter>
    </ClCompile>
    <ClCompile Include="CharacterFactory.cpp">
      <Filter>Arquivos de Origem\Character</Filter>
    </ClCompile>
    <ClCompile Include="Shared.cpp">
      <Filter>Arquivos de Origem\Shared</Filter>
    </ClCompile>
  </ItemGroup>
  <ItemGroup>
    <ClInclude Include="Types.h">
      <Filter>Arquivos de Cabeçalho</Filter>
    </ClInclude>
    <ClInclude Include="Shared.h">
      <Filter>Arquivos de Cabeçalho</Filter>
    </ClInclude>
    <ClInclude Include="TurnHandler.h">
      <Filter>Arquivos de Cabeçalho</Filter>
    </ClInclude>
    <ClInclude Include="Archer.h">
      <Filter>Arquivos de Cabeçalho\Character</Filter>
    </ClInclude>
    <ClInclude Include="CharacterFactory.h">
      <Filter>Arquivos de Cabeçalho\Character</Filter>
    </ClInclude>
    <ClInclude Include="Cleric.h">
      <Filter>Arquivos de Cabeçalho\Character</Filter>
    </ClInclude>
    <ClInclude Include="Character.h">
      <Filter>Arquivos de Cabeçalho\Character</Filter>
    </ClInclude>
    <ClInclude Include="Paladin.h">
      <Filter>Arquivos de Cabeçalho\Character</Filter>
    </ClInclude>
    <ClInclude Include="Warrior.h">
      <Filter>Arquivos de Cabeçalho\Character</Filter>
    </ClInclude>
    <ClInclude Include="Battlefield.h">
      <Filter>Arquivos de Cabeçalho\Battlefield</Filter>
    </ClInclude>
    <ClInclude Include="Grid.h">
      <Filter>Arquivos de Cabeçalho\Battlefield</Filter>
    </ClInclude>
  </ItemGroup>
</Project>